
Microsoft Visual Studio Solution File, Format Version 12.00
# Visual Studio Version 16
VisualStudioVersion = 16.0.29728.190
MinimumVisualStudioVersion = 10.0.40219.1
Project("{FAE04EC0-301F-11D3-BF4B-00C04F79EFBC}") = "Bluetooth_GATTServer", "Bluetooth_GATTServer\Bluetooth_GATTServer.csproj", "{72A27D6A-F886-45E9-9BFD-C04C308D691F}"
EndProject
Project("{2150E333-8FDC-42A3-9474-1A3956D46DE8}") = "Client", "Client", "{7DA68D4B-7A2E-4F97-9352-F82C7F667ED7}"
EndProject
Project("{2150E333-8FDC-42A3-9474-1A3956D46DE8}") = "Server", "Server", "{9D7915D7-E937-419A-A85C-41DEC4192160}"
EndProject
Project("{FAE04EC0-301F-11D3-BF4B-00C04F79EFBC}") = "Bluetooth_Xamarin_Client.Android", "Bluetooth_Xamarin_Client\Bluetooth_Xamarin_Client.Android\Bluetooth_Xamarin_Client.Android.csproj", "{AA1F3242-2F9F-4531-A649-B9473BF8CE99}"
EndProject
Project("{FAE04EC0-301F-11D3-BF4B-00C04F79EFBC}") = "Bluetooth_Xamarin_Client.iOS", "Bluetooth_Xamarin_Client\Bluetooth_Xamarin_Client.iOS\Bluetooth_Xamarin_Client.iOS.csproj", "{D0E40F4A-7251-4839-B786-2A7F2B6C24CA}"
EndProject
Project("{9A19103F-16F7-4668-BE54-9A1E7A4F7556}") = "Bluetooth_Xamarin_Client", "Bluetooth_Xamarin_Client\Bluetooth_Xamarin_Client\Bluetooth_Xamarin_Client.csproj", "{D68FA275-99A4-46E7-81E1-D379DD55A6C1}"
EndProject
Project("{9A19103F-16F7-4668-BE54-9A1E7A4F7556}") = "Bluetooth_Common", "Bluetooth_Common\Bluetooth_Common.csproj", "{CF790E55-3C24-41F7-A46F-A2D5B14B5B4F}"
EndProject
Project("{FAE04EC0-301F-11D3-BF4B-00C04F79EFBC}") = "Bluetooth_GATTServer_Common", "Bluetooth_GATTServer_Common\Bluetooth_GATTServer_Common.csproj", "{67C78E96-1805-4F40-B087-88D4934B83F2}"
EndProject
Global
	GlobalSection(SolutionConfigurationPlatforms) = preSolution
		Debug|Any CPU = Debug|Any CPU
		Debug|ARM = Debug|ARM
		Debug|ARM64 = Debug|ARM64
		Debug|iPhone = Debug|iPhone
		Debug|iPhoneSimulator = Debug|iPhoneSimulator
		Debug|x64 = Debug|x64
		Debug|x86 = Debug|x86
		Release|Any CPU = Release|Any CPU
		Release|ARM = Release|ARM
		Release|ARM64 = Release|ARM64
		Release|iPhone = Release|iPhone
		Release|iPhoneSimulator = Release|iPhoneSimulator
		Release|x64 = Release|x64
		Release|x86 = Release|x86
	EndGlobalSection
	GlobalSection(ProjectConfigurationPlatforms) = postSolution
		{72A27D6A-F886-45E9-9BFD-C04C308D691F}.Debug|Any CPU.ActiveCfg = Debug|x86
		{72A27D6A-F886-45E9-9BFD-C04C308D691F}.Debug|ARM.ActiveCfg = Debug|ARM
		{72A27D6A-F886-45E9-9BFD-C04C308D691F}.Debug|ARM.Build.0 = Debug|ARM
		{72A27D6A-F886-45E9-9BFD-C04C308D691F}.Debug|ARM.Deploy.0 = Debug|ARM
		{72A27D6A-F886-45E9-9BFD-C04C308D691F}.Debug|ARM64.ActiveCfg = Debug|ARM64
		{72A27D6A-F886-45E9-9BFD-C04C308D691F}.Debug|ARM64.Build.0 = Debug|ARM64
		{72A27D6A-F886-45E9-9BFD-C04C308D691F}.Debug|ARM64.Deploy.0 = Debug|ARM64
		{72A27D6A-F886-45E9-9BFD-C04C308D691F}.Debug|iPhone.ActiveCfg = Debug|x86
		{72A27D6A-F886-45E9-9BFD-C04C308D691F}.Debug|iPhoneSimulator.ActiveCfg = Debug|x86
		{72A27D6A-F886-45E9-9BFD-C04C308D691F}.Debug|x64.ActiveCfg = Debug|x64
		{72A27D6A-F886-45E9-9BFD-C04C308D691F}.Debug|x64.Build.0 = Debug|x64
		{72A27D6A-F886-45E9-9BFD-C04C308D691F}.Debug|x64.Deploy.0 = Debug|x64
		{72A27D6A-F886-45E9-9BFD-C04C308D691F}.Debug|x86.ActiveCfg = Debug|x86
		{72A27D6A-F886-45E9-9BFD-C04C308D691F}.Debug|x86.Build.0 = Debug|x86
		{72A27D6A-F886-45E9-9BFD-C04C308D691F}.Debug|x86.Deploy.0 = Debug|x86
		{72A27D6A-F886-45E9-9BFD-C04C308D691F}.Release|Any CPU.ActiveCfg = Release|x86
		{72A27D6A-F886-45E9-9BFD-C04C308D691F}.Release|ARM.ActiveCfg = Release|ARM
		{72A27D6A-F886-45E9-9BFD-C04C308D691F}.Release|ARM.Build.0 = Release|ARM
		{72A27D6A-F886-45E9-9BFD-C04C308D691F}.Release|ARM.Deploy.0 = Release|ARM
		{72A27D6A-F886-45E9-9BFD-C04C308D691F}.Release|ARM64.ActiveCfg = Release|ARM64
		{72A27D6A-F886-45E9-9BFD-C04C308D691F}.Release|ARM64.Build.0 = Release|ARM64
		{72A27D6A-F886-45E9-9BFD-C04C308D691F}.Release|ARM64.Deploy.0 = Release|ARM64
		{72A27D6A-F886-45E9-9BFD-C04C308D691F}.Release|iPhone.ActiveCfg = Release|x86
		{72A27D6A-F886-45E9-9BFD-C04C308D691F}.Release|iPhoneSimulator.ActiveCfg = Release|x86
		{72A27D6A-F886-45E9-9BFD-C04C308D691F}.Release|x64.ActiveCfg = Release|x64
		{72A27D6A-F886-45E9-9BFD-C04C308D691F}.Release|x64.Build.0 = Release|x64
		{72A27D6A-F886-45E9-9BFD-C04C308D691F}.Release|x64.Deploy.0 = Release|x64
		{72A27D6A-F886-45E9-9BFD-C04C308D691F}.Release|x86.ActiveCfg = Release|x86
		{72A27D6A-F886-45E9-9BFD-C04C308D691F}.Release|x86.Build.0 = Release|x86
		{72A27D6A-F886-45E9-9BFD-C04C308D691F}.Release|x86.Deploy.0 = Release|x86
		{AA1F3242-2F9F-4531-A649-B9473BF8CE99}.Debug|Any CPU.ActiveCfg = Debug|Any CPU
		{AA1F3242-2F9F-4531-A649-B9473BF8CE99}.Debug|Any CPU.Build.0 = Debug|Any CPU
		{AA1F3242-2F9F-4531-A649-B9473BF8CE99}.Debug|Any CPU.Deploy.0 = Debug|Any CPU
		{AA1F3242-2F9F-4531-A649-B9473BF8CE99}.Debug|ARM.ActiveCfg = Debug|Any CPU
		{AA1F3242-2F9F-4531-A649-B9473BF8CE99}.Debug|ARM.Build.0 = Debug|Any CPU
		{AA1F3242-2F9F-4531-A649-B9473BF8CE99}.Debug|ARM.Deploy.0 = Debug|Any CPU
		{AA1F3242-2F9F-4531-A649-B9473BF8CE99}.Debug|ARM64.ActiveCfg = Debug|Any CPU
		{AA1F3242-2F9F-4531-A649-B9473BF8CE99}.Debug|ARM64.Build.0 = Debug|Any CPU
		{AA1F3242-2F9F-4531-A649-B9473BF8CE99}.Debug|ARM64.Deploy.0 = Debug|Any CPU
		{AA1F3242-2F9F-4531-A649-B9473BF8CE99}.Debug|iPhone.ActiveCfg = Debug|Any CPU
		{AA1F3242-2F9F-4531-A649-B9473BF8CE99}.Debug|iPhone.Build.0 = Debug|Any CPU
		{AA1F3242-2F9F-4531-A649-B9473BF8CE99}.Debug|iPhone.Deploy.0 = Debug|Any CPU
		{AA1F3242-2F9F-4531-A649-B9473BF8CE99}.Debug|iPhoneSimulator.ActiveCfg = Debug|Any CPU
		{AA1F3242-2F9F-4531-A649-B9473BF8CE99}.Debug|iPhoneSimulator.Build.0 = Debug|Any CPU
		{AA1F3242-2F9F-4531-A649-B9473BF8CE99}.Debug|iPhoneSimulator.Deploy.0 = Debug|Any CPU
		{AA1F3242-2F9F-4531-A649-B9473BF8CE99}.Debug|x64.ActiveCfg = Debug|Any CPU
		{AA1F3242-2F9F-4531-A649-B9473BF8CE99}.Debug|x64.Build.0 = Debug|Any CPU
		{AA1F3242-2F9F-4531-A649-B9473BF8CE99}.Debug|x64.Deploy.0 = Debug|Any CPU
		{AA1F3242-2F9F-4531-A649-B9473BF8CE99}.Debug|x86.ActiveCfg = Debug|Any CPU
		{AA1F3242-2F9F-4531-A649-B9473BF8CE99}.Debug|x86.Build.0 = Debug|Any CPU
		{AA1F3242-2F9F-4531-A649-B9473BF8CE99}.Debug|x86.Deploy.0 = Debug|Any CPU
		{AA1F3242-2F9F-4531-A649-B9473BF8CE99}.Release|Any CPU.ActiveCfg = Release|Any CPU
		{AA1F3242-2F9F-4531-A649-B9473BF8CE99}.Release|Any CPU.Build.0 = Release|Any CPU
		{AA1F3242-2F9F-4531-A649-B9473BF8CE99}.Release|Any CPU.Deploy.0 = Release|Any CPU
		{AA1F3242-2F9F-4531-A649-B9473BF8CE99}.Release|ARM.ActiveCfg = Release|Any CPU
		{AA1F3242-2F9F-4531-A649-B9473BF8CE99}.Release|ARM.Build.0 = Release|Any CPU
		{AA1F3242-2F9F-4531-A649-B9473BF8CE99}.Release|ARM.Deploy.0 = Release|Any CPU
		{AA1F3242-2F9F-4531-A649-B9473BF8CE99}.Release|ARM64.ActiveCfg = Release|Any CPU
		{AA1F3242-2F9F-4531-A649-B9473BF8CE99}.Release|ARM64.Build.0 = Release|Any CPU
		{AA1F3242-2F9F-4531-A649-B9473BF8CE99}.Release|ARM64.Deploy.0 = Release|Any CPU
		{AA1F3242-2F9F-4531-A649-B9473BF8CE99}.Release|iPhone.ActiveCfg = Release|Any CPU
		{AA1F3242-2F9F-4531-A649-B9473BF8CE99}.Release|iPhone.Build.0 = Release|Any CPU
		{AA1F3242-2F9F-4531-A649-B9473BF8CE99}.Release|iPhone.Deploy.0 = Release|Any CPU
		{AA1F3242-2F9F-4531-A649-B9473BF8CE99}.Release|iPhoneSimulator.ActiveCfg = Release|Any CPU
		{AA1F3242-2F9F-4531-A649-B9473BF8CE99}.Release|iPhoneSimulator.Build.0 = Release|Any CPU
		{AA1F3242-2F9F-4531-A649-B9473BF8CE99}.Release|iPhoneSimulator.Deploy.0 = Release|Any CPU
		{AA1F3242-2F9F-4531-A649-B9473BF8CE99}.Release|x64.ActiveCfg = Release|Any CPU
		{AA1F3242-2F9F-4531-A649-B9473BF8CE99}.Release|x64.Build.0 = Release|Any CPU
		{AA1F3242-2F9F-4531-A649-B9473BF8CE99}.Release|x64.Deploy.0 = Release|Any CPU
		{AA1F3242-2F9F-4531-A649-B9473BF8CE99}.Release|x86.ActiveCfg = Release|Any CPU
		{AA1F3242-2F9F-4531-A649-B9473BF8CE99}.Release|x86.Build.0 = Release|Any CPU
		{AA1F3242-2F9F-4531-A649-B9473BF8CE99}.Release|x86.Deploy.0 = Release|Any CPU
		{D0E40F4A-7251-4839-B786-2A7F2B6C24CA}.Debug|Any CPU.ActiveCfg = Debug|iPhone
		{D0E40F4A-7251-4839-B786-2A7F2B6C24CA}.Debug|ARM.ActiveCfg = Debug|iPhone
		{D0E40F4A-7251-4839-B786-2A7F2B6C24CA}.Debug|ARM64.ActiveCfg = Debug|iPhone
		{D0E40F4A-7251-4839-B786-2A7F2B6C24CA}.Debug|iPhone.ActiveCfg = Debug|iPhone
		{D0E40F4A-7251-4839-B786-2A7F2B6C24CA}.Debug|iPhone.Build.0 = Debug|iPhone
		{D0E40F4A-7251-4839-B786-2A7F2B6C24CA}.Debug|iPhoneSimulator.ActiveCfg = Debug|iPhoneSimulator
		{D0E40F4A-7251-4839-B786-2A7F2B6C24CA}.Debug|iPhoneSimulator.Build.0 = Debug|iPhoneSimulator
		{D0E40F4A-7251-4839-B786-2A7F2B6C24CA}.Debug|x64.ActiveCfg = Debug|iPhone
		{D0E40F4A-7251-4839-B786-2A7F2B6C24CA}.Debug|x86.ActiveCfg = Debug|iPhone
		{D0E40F4A-7251-4839-B786-2A7F2B6C24CA}.Release|Any CPU.ActiveCfg = Release|iPhone
		{D0E40F4A-7251-4839-B786-2A7F2B6C24CA}.Release|ARM.ActiveCfg = Release|iPhone
		{D0E40F4A-7251-4839-B786-2A7F2B6C24CA}.Release|ARM64.ActiveCfg = Release|iPhone
		{D0E40F4A-7251-4839-B786-2A7F2B6C24CA}.Release|iPhone.ActiveCfg = Release|iPhone
		{D0E40F4A-7251-4839-B786-2A7F2B6C24CA}.Release|iPhone.Build.0 = Release|iPhone
		{D0E40F4A-7251-4839-B786-2A7F2B6C24CA}.Release|iPhoneSimulator.ActiveCfg = Release|iPhoneSimulator
		{D0E40F4A-7251-4839-B786-2A7F2B6C24CA}.Release|iPhoneSimulator.Build.0 = Release|iPhoneSimulator
		{D0E40F4A-7251-4839-B786-2A7F2B6C24CA}.Release|x64.ActiveCfg = Release|iPhone
		{D0E40F4A-7251-4839-B786-2A7F2B6C24CA}.Release|x86.ActiveCfg = Release|iPhone
		{D68FA275-99A4-46E7-81E1-D379DD55A6C1}.Debug|Any CPU.ActiveCfg = Debug|Any CPU
		{D68FA275-99A4-46E7-81E1-D379DD55A6C1}.Debug|Any CPU.Build.0 = Debug|Any CPU
		{D68FA275-99A4-46E7-81E1-D379DD55A6C1}.Debug|ARM.ActiveCfg = Debug|Any CPU
		{D68FA275-99A4-46E7-81E1-D379DD55A6C1}.Debug|ARM.Build.0 = Debug|Any CPU
		{D68FA275-99A4-46E7-81E1-D379DD55A6C1}.Debug|ARM64.ActiveCfg = Debug|Any CPU
		{D68FA275-99A4-46E7-81E1-D379DD55A6C1}.Debug|ARM64.Build.0 = Debug|Any CPU
		{D68FA275-99A4-46E7-81E1-D379DD55A6C1}.Debug|iPhone.ActiveCfg = Debug|Any CPU
		{D68FA275-99A4-46E7-81E1-D379DD55A6C1}.Debug|iPhone.Build.0 = Debug|Any CPU
		{D68FA275-99A4-46E7-81E1-D379DD55A6C1}.Debug|iPhoneSimulator.ActiveCfg = Debug|Any CPU
		{D68FA275-99A4-46E7-81E1-D379DD55A6C1}.Debug|iPhoneSimulator.Build.0 = Debug|Any CPU
		{D68FA275-99A4-46E7-81E1-D379DD55A6C1}.Debug|x64.ActiveCfg = Debug|Any CPU
		{D68FA275-99A4-46E7-81E1-D379DD55A6C1}.Debug|x64.Build.0 = Debug|Any CPU
		{D68FA275-99A4-46E7-81E1-D379DD55A6C1}.Debug|x86.ActiveCfg = Debug|Any CPU
		{D68FA275-99A4-46E7-81E1-D379DD55A6C1}.Debug|x86.Build.0 = Debug|Any CPU
		{D68FA275-99A4-46E7-81E1-D379DD55A6C1}.Release|Any CPU.ActiveCfg = Release|Any CPU
		{D68FA275-99A4-46E7-81E1-D379DD55A6C1}.Release|Any CPU.Build.0 = Release|Any CPU
		{D68FA275-99A4-46E7-81E1-D379DD55A6C1}.Release|ARM.ActiveCfg = Release|Any CPU
		{D68FA275-99A4-46E7-81E1-D379DD55A6C1}.Release|ARM.Build.0 = Release|Any CPU
		{D68FA275-99A4-46E7-81E1-D379DD55A6C1}.Release|ARM64.ActiveCfg = Release|Any CPU
		{D68FA275-99A4-46E7-81E1-D379DD55A6C1}.Release|ARM64.Build.0 = Release|Any CPU
		{D68FA275-99A4-46E7-81E1-D379DD55A6C1}.Release|iPhone.ActiveCfg = Release|Any CPU
		{D68FA275-99A4-46E7-81E1-D379DD55A6C1}.Release|iPhone.Build.0 = Release|Any CPU
		{D68FA275-99A4-46E7-81E1-D379DD55A6C1}.Release|iPhoneSimulator.ActiveCfg = Release|Any CPU
		{D68FA275-99A4-46E7-81E1-D379DD55A6C1}.Release|iPhoneSimulator.Build.0 = Release|Any CPU
		{D68FA275-99A4-46E7-81E1-D379DD55A6C1}.Release|x64.ActiveCfg = Release|Any CPU
		{D68FA275-99A4-46E7-81E1-D379DD55A6C1}.Release|x64.Build.0 = Release|Any CPU
		{D68FA275-99A4-46E7-81E1-D379DD55A6C1}.Release|x86.ActiveCfg = Release|Any CPU
		{D68FA275-99A4-46E7-81E1-D379DD55A6C1}.Release|x86.Build.0 = Release|Any CPU
		{CF790E55-3C24-41F7-A46F-A2D5B14B5B4F}.Debug|Any CPU.ActiveCfg = Debug|Any CPU
		{CF790E55-3C24-41F7-A46F-A2D5B14B5B4F}.Debug|Any CPU.Build.0 = Debug|Any CPU
		{CF790E55-3C24-41F7-A46F-A2D5B14B5B4F}.Debug|ARM.ActiveCfg = Debug|Any CPU
		{CF790E55-3C24-41F7-A46F-A2D5B14B5B4F}.Debug|ARM.Build.0 = Debug|Any CPU
		{CF790E55-3C24-41F7-A46F-A2D5B14B5B4F}.Debug|ARM64.ActiveCfg = Debug|Any CPU
		{CF790E55-3C24-41F7-A46F-A2D5B14B5B4F}.Debug|ARM64.Build.0 = Debug|Any CPU
		{CF790E55-3C24-41F7-A46F-A2D5B14B5B4F}.Debug|iPhone.ActiveCfg = Debug|Any CPU
		{CF790E55-3C24-41F7-A46F-A2D5B14B5B4F}.Debug|iPhone.Build.0 = Debug|Any CPU
		{CF790E55-3C24-41F7-A46F-A2D5B14B5B4F}.Debug|iPhoneSimulator.ActiveCfg = Debug|Any CPU
		{CF790E55-3C24-41F7-A46F-A2D5B14B5B4F}.Debug|iPhoneSimulator.Build.0 = Debug|Any CPU
		{CF790E55-3C24-41F7-A46F-A2D5B14B5B4F}.Debug|x64.ActiveCfg = Debug|Any CPU
		{CF790E55-3C24-41F7-A46F-A2D5B14B5B4F}.Debug|x64.Build.0 = Debug|Any CPU
		{CF790E55-3C24-41F7-A46F-A2D5B14B5B4F}.Debug|x86.ActiveCfg = Debug|Any CPU
		{CF790E55-3C24-41F7-A46F-A2D5B14B5B4F}.Debug|x86.Build.0 = Debug|Any CPU
		{CF790E55-3C24-41F7-A46F-A2D5B14B5B4F}.Release|Any CPU.ActiveCfg = Release|Any CPU
		{CF790E55-3C24-41F7-A46F-A2D5B14B5B4F}.Release|Any CPU.Build.0 = Release|Any CPU
		{CF790E55-3C24-41F7-A46F-A2D5B14B5B4F}.Release|ARM.ActiveCfg = Release|Any CPU
		{CF790E55-3C24-41F7-A46F-A2D5B14B5B4F}.Release|ARM.Build.0 = Release|Any CPU
		{CF790E55-3C24-41F7-A46F-A2D5B14B5B4F}.Release|ARM64.ActiveCfg = Release|Any CPU
		{CF790E55-3C24-41F7-A46F-A2D5B14B5B4F}.Release|ARM64.Build.0 = Release|Any CPU
		{CF790E55-3C24-41F7-A46F-A2D5B14B5B4F}.Release|iPhone.ActiveCfg = Release|Any CPU
		{CF790E55-3C24-41F7-A46F-A2D5B14B5B4F}.Release|iPhone.Build.0 = Release|Any CPU
		{CF790E55-3C24-41F7-A46F-A2D5B14B5B4F}.Release|iPhoneSimulator.ActiveCfg = Release|Any CPU
		{CF790E55-3C24-41F7-A46F-A2D5B14B5B4F}.Release|iPhoneSimulator.Build.0 = Release|Any CPU
		{CF790E55-3C24-41F7-A46F-A2D5B14B5B4F}.Release|x64.ActiveCfg = Release|Any CPU
		{CF790E55-3C24-41F7-A46F-A2D5B14B5B4F}.Release|x64.Build.0 = Release|Any CPU
		{CF790E55-3C24-41F7-A46F-A2D5B14B5B4F}.Release|x86.ActiveCfg = Release|Any CPU
		{CF790E55-3C24-41F7-A46F-A2D5B14B5B4F}.Release|x86.Build.0 = Release|Any CPU
		{67C78E96-1805-4F40-B087-88D4934B83F2}.Debug|Any CPU.ActiveCfg = Debug|Any CPU
		{67C78E96-1805-4F40-B087-88D4934B83F2}.Debug|Any CPU.Build.0 = Debug|Any CPU
		{67C78E96-1805-4F40-B087-88D4934B83F2}.Debug|ARM.ActiveCfg = Debug|ARM
		{67C78E96-1805-4F40-B087-88D4934B83F2}.Debug|ARM.Build.0 = Debug|ARM
		{67C78E96-1805-4F40-B087-88D4934B83F2}.Debug|ARM64.ActiveCfg = Debug|ARM64
		{67C78E96-1805-4F40-B087-88D4934B83F2}.Debug|ARM64.Build.0 = Debug|ARM64
		{67C78E96-1805-4F40-B087-88D4934B83F2}.Debug|iPhone.ActiveCfg = Debug|Any CPU
		{67C78E96-1805-4F40-B087-88D4934B83F2}.Debug|iPhone.Build.0 = Debug|Any CPU
		{67C78E96-1805-4F40-B087-88D4934B83F2}.Debug|iPhoneSimulator.ActiveCfg = Debug|Any CPU
		{67C78E96-1805-4F40-B087-88D4934B83F2}.Debug|iPhoneSimulator.Build.0 = Debug|Any CPU
		{67C78E96-1805-4F40-B087-88D4934B83F2}.Debug|x64.ActiveCfg = Debug|x64
		{67C78E96-1805-4F40-B087-88D4934B83F2}.Debug|x64.Build.0 = Debug|x64
		{67C78E96-1805-4F40-B087-88D4934B83F2}.Debug|x86.ActiveCfg = Debug|x86
		{67C78E96-1805-4F40-B087-88D4934B83F2}.Debug|x86.Build.0 = Debug|x86
		{67C78E96-1805-4F40-B087-88D4934B83F2}.Release|Any CPU.ActiveCfg = Release|Any CPU
		{67C78E96-1805-4F40-B087-88D4934B83F2}.Release|Any CPU.Build.0 = Release|Any CPU
		{67C78E96-1805-4F40-B087-88D4934B83F2}.Release|ARM.ActiveCfg = Release|ARM
		{67C78E96-1805-4F40-B087-88D4934B83F2}.Release|ARM.Build.0 = Release|ARM
		{67C78E96-1805-4F40-B087-88D4934B83F2}.Release|ARM64.ActiveCfg = Release|ARM64
		{67C78E96-1805-4F40-B087-88D4934B83F2}.Release|ARM64.Build.0 = Release|ARM64
		{67C78E96-1805-4F40-B087-88D4934B83F2}.Release|iPhone.ActiveCfg = Release|Any CPU
		{67C78E96-1805-4F40-B087-88D4934B83F2}.Release|iPhone.Build.0 = Release|Any CPU
		{67C78E96-1805-4F40-B087-88D4934B83F2}.Release|iPhoneSimulator.ActiveCfg = Release|Any CPU
		{67C78E96-1805-4F40-B087-88D4934B83F2}.Release|iPhoneSimulator.Build.0 = Release|Any CPU
		{67C78E96-1805-4F40-B087-88D4934B83F2}.Release|x64.ActiveCfg = Release|x64
		{67C78E96-1805-4F40-B087-88D4934B83F2}.Release|x64.Build.0 = Release|x64
		{67C78E96-1805-4F40-B087-88D4934B83F2}.Release|x86.ActiveCfg = Release|x86
		{67C78E96-1805-4F40-B087-88D4934B83F2}.Release|x86.Build.0 = Release|x86
	EndGlobalSection
	GlobalSection(SolutionProperties) = preSolution
		HideSolutionNode = FALSE
	EndGlobalSection
	GlobalSection(NestedProjects) = preSolution
		{72A27D6A-F886-45E9-9BFD-C04C308D691F} = {9D7915D7-E937-419A-A85C-41DEC4192160}
		{AA1F3242-2F9F-4531-A649-B9473BF8CE99} = {7DA68D4B-7A2E-4F97-9352-F82C7F667ED7}
		{D0E40F4A-7251-4839-B786-2A7F2B6C24CA} = {7DA68D4B-7A2E-4F97-9352-F82C7F667ED7}
		{D68FA275-99A4-46E7-81E1-D379DD55A6C1} = {7DA68D4B-7A2E-4F97-9352-F82C7F667ED7}
		{67C78E96-1805-4F40-B087-88D4934B83F2} = {9D7915D7-E937-419A-A85C-41DEC4192160}
	EndGlobalSection
	GlobalSection(ExtensibilityGlobals) = postSolution
		SolutionGuid = {E88B4F8D-D03D-42FF-8ABC-3FB5B5EF7D38}
	EndGlobalSection
EndGlobal
